
Microsoft Visual Studio Solution File, Format Version 12.00
# Visual Studio Version 17
VisualStudioVersion = 17.13.35919.96 d17.13
MinimumVisualStudioVersion = 10.0.40219.1
Project("{FAE04EC0-301F-11D3-BF4B-00C04F79EFBC}") = "StudioManager", "StudioManager\StudioManager.csproj", "{F7A315DB-69DF-4295-8705-D9BF7FE62ADE}"
EndProject
Global
	GlobalSection(SolutionConfigurationPlatforms) = preSolution
		Debug|Any CPU = Debug|Any CPU
		Release|Any CPU = Release|Any CPU
	EndGlobalSection
	GlobalSection(ProjectConfigurationPlatforms) = postSolution
		{F7A315DB-69DF-4295-8705-D9BF7FE62ADE}.Debug|Any CPU.ActiveCfg = Debug|Any CPU
		{F7A315DB-69DF-4295-8705-D9BF7FE62ADE}.Debug|Any CPU.Build.0 = Debug|Any CPU
		{F7A315DB-69DF-4295-8705-D9BF7FE62ADE}.Release|Any CPU.ActiveCfg = Release|Any CPU
		{F7A315DB-69DF-4295-8705-D9BF7FE62ADE}.Release|Any CPU.Build.0 = Release|Any CPU
	EndGlobalSection
	GlobalSection(SolutionProperties) = preSolution
		HideSolutionNode = FALSE
	EndGlobalSection
	GlobalSection(ExtensibilityGlobals) = postSolution
		SolutionGuid = {F260DB3A-80B5-4D0D-B12F-FBB355F94A7A}
	EndGlobalSection
EndGlobal
